// !$*UTF8*$!
{
	archiveVersion = 1;
	classes = {
	};
	objectVersion = 50;
	objects = {

/* Begin PBXBuildFile section */
		85D17122242161FB004E8ECC /* AppDelegate.swift in Sources */ = {isa = PBXBuildFile; fileRef = 85D17121242161FB004E8ECC /* AppDelegate.swift */; };
		85D17124242161FB004E8ECC /* ViewController.swift in Sources */ = {isa = PBXBuildFile; fileRef = 85D17123242161FB004E8ECC /* ViewController.swift */; };
		85D17126242161FB004E8ECC /* FaceExperience.rcproject in Sources */ = {isa = PBXBuildFile; fileRef = 85D17125242161FB004E8ECC /* FaceExperience.rcproject */; };
		85D17129242161FB004E8ECC /* Main.storyboard in Resources */ = {isa = PBXBuildFile; fileRef = 85D17127242161FB004E8ECC /* Main.storyboard */; };
		85D1712B242161FE004E8ECC /* Assets.xcassets in Resources */ = {isa = PBXBuildFile; fileRef = 85D1712A242161FE004E8ECC /* Assets.xcassets */; };
		85D1712E242161FE004E8ECC /* LaunchScreen.storyboard in Resources */ = {isa = PBXBuildFile; fileRef = 85D1712C242161FE004E8ECC /* LaunchScreen.storyboard */; };
/* End PBXBuildFile section */

/* Begin PBXFileReference section */
		85D1711E242161FB004E8ECC /* ARFaceTrackingDemo.app */ = {isa = PBXFileReference; explicitFileType = wrapper.application; includeInIndex = 0; path = ARFaceTrackingDemo.app; sourceTree = BUILT_PRODUCTS_DIR; };
		85D17121242161FB004E8ECC /* AppDelegate.swift */ = {isa = PBXFileReference; lastKnownFileType = sourcecode.swift; path = AppDelegate.swift; sourceTree = "<group>"; };
		85D17123242161FB004E8ECC /* ViewController.swift */ = {isa = PBXFileReference; lastKnownFileType = sourcecode.swift; path = ViewController.swift; sourceTree = "<group>"; };
		85D17125242161FB004E8ECC /* FaceExperience.rcproject */ = {isa = PBXFileReference; lastKnownFileType = file.rcproject; path = FaceExperience.rcproject; sourceTree = "<group>"; };
		85D17128242161FB004E8ECC /* Base */ = {isa = PBXFileReference; lastKnownFileType = file.storyboard; name = Base; path = Base.lproj/Main.storyboard; sourceTree = "<group>"; };
		85D1712A242161FE004E8ECC /* Assets.xcassets */ = {isa = PBXFileReference; lastKnownFileType = folder.assetcatalog; path = Assets.xcassets; sourceTree = "<group>"; };
		85D1712D242161FE004E8ECC /* Base */ = {isa = PBXFileReference; lastKnownFileType = file.storyboard; name = Base; path = Base.lproj/LaunchScreen.storyboard; sourceTree = "<group>"; };
		85D1712F242161FE004E8ECC /* Info.plist */ = {isa = PBXFileReference; lastKnownFileType = text.plist.xml; path = Info.plist; sourceTree = "<group>"; };
/* End PBXFileReference section */

/* Begin PBXFrameworksBuildPhase section */
		85D1711B242161FB004E8ECC /* Frameworks */ = {
			isa = PBXFrameworksBuildPhase;
			buildActionMask = 2147483647;
			files = (
			);
			runOnlyForDeploymentPostprocessing = 0;
		};
/* End PBXFrameworksBuildPhase section */

/* Begin PBXGroup section */
		85D17115242161FB004E8ECC = {
			isa = PBXGroup;
			children = (
				85D17120242161FB004E8ECC /* ARFaceTrackingDemo */,
				85D1711F242161FB004E8ECC /* Products */,
			);
			sourceTree = "<group>";
		};
		85D1711F242161FB004E8ECC /* Products */ = {
			isa = PBXGroup;
			children = (
				85D1711E242161FB004E8ECC /* ARFaceTrackingDemo.app */,
			);
			name = Products;
			sourceTree = "<group>";
		};
		85D17120242161FB004E8ECC /* ARFaceTrackingDemo */ = {
			isa = PBXGroup;
			children = (
				85D17121242161FB004E8ECC /* AppDelegate.swift */,
				85D17123242161FB004E8ECC /* ViewController.swift */,
				85D17125242161FB004E8ECC /* FaceExperience.rcproject */,
				85D17127242161FB004E8ECC /* Main.storyboard */,
				85D1712A242161FE004E8ECC /* Assets.xcassets */,
				85D1712C242161FE004E8ECC /* LaunchScreen.storyboard */,
				85D1712F242161FE004E8ECC /* Info.plist */,
			);
			path = ARFaceTrackingDemo;
			sourceTree = "<group>";
		};
/* End PBXGroup section */

/* Begin PBXNativeTarget section */
		85D1711D242161FB004E8ECC /* ARFaceTrackingDemo */ = {
			isa = PBXNativeTarget;
			buildConfigurationList = 85D17132242161FE004E8ECC /* Build configuration list for PBXNativeTarget "ARFaceTrackingDemo" */;
			buildPhases = (
				85D1711A242161FB004E8ECC /* Sources */,
				85D1711B242161FB004E8ECC /* Frameworks */,
				85D1711C242161FB004E8ECC /* Resources */,
			);
			buildRules = (
			);
			dependencies = (
			);
			name = ARFaceTrackingDemo;
			productName = ARFaceTrackingDemo;
			productReference = 85D1711E242161FB004E8ECC /* ARFaceTrackingDemo.app */;
			productType = "com.apple.product-type.application";
		};
/* End PBXNativeTarget section */

/* Begin PBXProject section */
		85D17116242161FB004E8ECC /* Project object */ = {
			isa = PBXProject;
			attributes = {
				LastSwiftUpdateCheck = 1130;
				LastUpgradeCheck = 1130;
				ORGANIZATIONNAME = Ayaos;
				TargetAttributes = {
					85D1711D242161FB004E8ECC = {
						CreatedOnToolsVersion = 11.3.1;
					};
				};
			};
			buildConfigurationList = 85D17119242161FB004E8ECC /* Build configuration list for PBXProject "ARFaceTrackingDemo" */;
			compatibilityVersion = "Xcode 9.3";
			developmentRegion = en;
			hasScannedForEncodings = 0;
			knownRegions = (
				en,
				Base,
			);
			mainGroup = 85D17115242161FB004E8ECC;
			productRefGroup = 85D1711F242161FB004E8ECC /* Products */;
			projectDirPath = "";
			projectRoot = "";
			targets = (
				85D1711D242161FB004E8ECC /* ARFaceTrackingDemo */,
			);
		};
/* End PBXProject section */

/* Begin PBXResourcesBuildPhase section */
		85D1711C242161FB004E8ECC /* Resources */ = {
			isa = PBXResourcesBuildPhase;
			buildActionMask = 2147483647;
			files = (
				85D1712E242161FE004E8ECC /* LaunchScreen.storyboard in Resources */,
				85D1712B242161FE004E8ECC /* Assets.xcassets in Resources */,
				85D17129242161FB004E8ECC /* Main.storyboard in Resources */,
			);
			runOnlyForDeploymentPostprocessing = 0;
		};
/* End PBXResourcesBuildPhase section */

/* Begin PBXSourcesBuildPhase section */
		85D1711A242161FB004E8ECC /* Sources */ = {
			isa = PBXSourcesBuildPhase;
			buildActionMask = 2147483647;
			files = (
				85D17124242161FB004E8ECC /* ViewController.swift in Sources */,
				85D17122242161FB004E8ECC /* AppDelegate.swift in Sources */,
				85D17126242161FB004E8ECC /* FaceExperience.rcproject in Sources */,
			);
			runOnlyForDeploymentPostprocessing = 0;
		};
/* End PBXSourcesBuildPhase section */

/* Begin PBXVariantGroup section */
		85D17127242161FB004E8ECC /* Main.storyboard */ = {
			isa = PBXVariantGroup;
			children = (
				85D17128242161FB004E8ECC /* Base */,
			);
			name = Main.storyboard;
			sourceTree = "<group>";
		};
		85D1712C242161FE004E8ECC /* LaunchScreen.storyboard */ = {
			isa = PBXVariantGroup;
			children = (
				85D1712D242161FE004E8ECC /* Base */,
			);
			name = LaunchScreen.storyboard;
			sourceTree = "<group>";
		};
/* End PBXVariantGroup section */

/* Begin XCBuildConfiguration section */
		85D17130242161FE004E8ECC /* Debug */ = {
			isa = XCBuildConfiguration;
			buildSettings = {
				ALWAYS_SEARCH_USER_PATHS = NO;
				CLANG_ANALYZER_NONNULL = YES;
				CLANG_ANALYZER_NUMBER_OBJECT_CONVERSION = YES_AGGRESSIVE;
				CLANG_CXX_LANGUAGE_STANDARD = "gnu++14";
				CLANG_CXX_LIBRARY = "libc++";
				CLANG_ENABLE_MODULES = YES;
				CLANG_ENABLE_OBJC_ARC = YES;
				CLANG_ENABLE_OBJC_WEAK = YES;
				CLANG_WARN_BLOCK_CAPTURE_AUTORELEASING = YES;
				CLANG_WARN_BOOL_CONVERSION = YES;
				CLANG_WARN_COMMA = YES;
				CLANG_WARN_CONSTANT_CONVERSION = YES;
				CLANG_WARN_DEPRECATED_OBJC_IMPLEMENTATIONS = YES;
				CLANG_WARN_DIRECT_OBJC_ISA_USAGE = YES_ERROR;
				CLANG_WARN_DOCUMENTATION_COMMENTS = YES;
				CLANG_WARN_EMPTY_BODY = YES;
				CLANG_WARN_ENUM_CONVERSION = YES;
				CLANG_WARN_INFINITE_RECURSION = YES;
				CLANG_WARN_INT_CONVERSION = YES;
				CLANG_WARN_NON_LITERAL_NULL_CONVERSION = YES;
				CLANG_WARN_OBJC_IMPLICIT_RETAIN_SELF = YES;
				CLANG_WARN_OBJC_LITERAL_CONVERSION = YES;
				CLANG_WARN_OBJC_ROOT_CLASS = YES_ERROR;
				CLANG_WARN_RANGE_LOOP_ANALYSIS = YES;
				CLANG_WARN_STRICT_PROTOTYPES = YES;
				CLANG_WARN_SUSPICIOUS_MOVE = YES;
				CLANG_WARN_UNGUARDED_AVAILABILITY = YES_AGGRESSIVE;
				CLANG_WARN_UNREACHABLE_CODE = YES;
				CLANG_WARN__DUPLICATE_METHOD_MATCH = YES;
				COPY_PHASE_STRIP = NO;
				DEBUG_INFORMATION_FORMAT = dwarf;
				ENABLE_STRICT_OBJC_MSGSEND = YES;
				ENABLE_TESTABILITY = YES;
				GCC_C_LANGUAGE_STANDARD = gnu11;
				GCC_DYNAMIC_NO_PIC = NO;
				GCC_NO_COMMON_BLOCKS = YES;
				GCC_OPTIMIZATION_LEVEL = 0;
				GCC_PREPROCESSOR_DEFINITIONS = (
					"DEBUG=1",
					"$(inherited)",
				);
				GCC_WARN_64_TO_32_BIT_CONVERSION = YES;
				GCC_WARN_ABOUT_RETURN_TYPE = YES_ERROR;
				GCC_WARN_UNDECLARED_SELECTOR = YES;
				GCC_WARN_UNINITIALIZED_AUTOS = YES_AGGRESSIVE;
				GCC_WARN_UNUSED_FUNCTION = YES;
				GCC_WARN_UNUSED_VARIABLE = YES;
				IPHONEOS_DEPLOYMENT_TARGET = 13.2;
				MTL_ENABLE_DEBUG_INFO = INCLUDE_SOURCE;
				MTL_FAST_MATH = YES;
				ONLY_ACTIVE_ARCH = YES;
				SDKROOT = iphoneos;
				SWIFT_ACTIVE_COMPILATION_CONDITIONS = DEBUG;
				SWIFT_OPTIMIZATION_LEVEL = "-Onone";
			};
			name = Debug;
		};
		85D17131242161FE004E8ECC /* Release */ = {
			isa = XCBuildConfiguration;
			buildSettings = {
				ALWAYS_SEARCH_USER_PATHS = NO;
				CLANG_ANALYZER_NONNULL = YES;
				CLANG_ANALYZER_NUMBER_OBJECT_CONVERSION = YES_AGGRESSIVE;
				CLANG_CXX_LANGUAGE_STANDARD = "gnu++14";
				CLANG_CXX_LIBRARY = "libc++";
				CLANG_ENABLE_MODULES = YES;
				CLANG_ENABLE_OBJC_ARC = YES;
				CLANG_ENABLE_OBJC_WEAK = YES;
				CLANG_WARN_BLOCK_CAPTURE_AUTORELEASING = YES;
				CLANG_WARN_BOOL_CONVERSION = YES;
				CLANG_WARN_COMMA = YES;
				CLANG_WARN_CONSTANT_CONVERSION = YES;
				CLANG_WARN_DEPRECATED_OBJC_IMPLEMENTATIONS = YES;
				CLANG_WARN_DIRECT_OBJC_ISA_USAGE = YES_ERROR;
				CLANG_WARN_DOCUMENTATION_COMMENTS = YES;
				CLANG_WARN_EMPTY_BODY = YES;
				CLANG_WARN_ENUM_CONVERSION = YES;
				CLANG_WARN_INFINITE_RECURSION = YES;
				CLANG_WARN_INT_CONVERSION = YES;
				CLANG_WARN_NON_LITERAL_NULL_CONVERSION = YES;
				CLANG_WARN_OBJC_IMPLICIT_RETAIN_SELF = YES;
				CLANG_WARN_OBJC_LITERAL_CONVERSION = YES;
				CLANG_WARN_OBJC_ROOT_CLASS = YES_ERROR;
				CLANG_WARN_RANGE_LOOP_ANALYSIS = YES;
				CLANG_WARN_STRICT_PROTOTYPES = YES;
				CLANG_WARN_SUSPICIOUS_MOVE = YES;
				CLANG_WARN_UNGUARDED_AVAILABILITY = YES_AGGRESSIVE;
				CLANG_WARN_UNREACHABLE_CODE = YES;
				CLANG_WARN__DUPLICATE_METHOD_MATCH = YES;
				COPY_PHASE_STRIP = NO;
				DEBUG_INFORMATION_FORMAT = "dwarf-with-dsym";
				ENABLE_NS_ASSERTIONS = NO;
				ENABLE_STRICT_OBJC_MSGSEND = YES;
				GCC_C_LANGUAGE_STANDARD = gnu11;
				GCC_NO_COMMON_BLOCKS = YES;
				GCC_WARN_64_TO_32_BIT_CONVERSION = YES;
				GCC_WARN_ABOUT_RETURN_TYPE = YES_ERROR;
				GCC_WARN_UNDECLARED_SELECTOR = YES;
				GCC_WARN_UNINITIALIZED_AUTOS = YES_AGGRESSIVE;
				GCC_WARN_UNUSED_FUNCTION = YES;
				GCC_WARN_UNUSED_VARIABLE = YES;
				IPHONEOS_DEPLOYMENT_TARGET = 13.2;
				MTL_ENABLE_DEBUG_INFO = NO;
				MTL_FAST_MATH = YES;
				SDKROOT = iphoneos;
				SWIFT_COMPILATION_MODE = wholemodule;
				SWIFT_OPTIMIZATION_LEVEL = "-O";
				VALIDATE_PRODUCT = YES;
			};
			name = Release;
		};
		85D17133242161FE004E8ECC /* Debug */ = {
			isa = XCBuildConfiguration;
			buildSettings = {
				ASSETCATALOG_COMPILER_APPICON_NAME = AppIcon;
				CODE_SIGN_STYLE = Automatic;
				DEVELOPMENT_TEAM = 7VPS9B39QD;
				INFOPLIST_FILE = ARFaceTrackingDemo/Info.plist;
				LD_RUNPATH_SEARCH_PATHS = (
					"$(inherited)",
					"@executable_path/Frameworks",
				);
				PRODUCT_BUNDLE_IDENTIFIER = Ayaos.ARFaceTrackingDemo;
				PRODUCT_NAME = "$(TARGET_NAME)";
				SWIFT_VERSION = 5.0;
				TARGETED_DEVICE_FAMILY = "1,2";
			};
			name = Debug;
		};
		85D17134242161FE004E8ECC /* Release */ = {
			isa = XCBuildConfiguration;
			buildSettings = {
				ASSETCATALOG_COMPILER_APPICON_NAME = AppIcon;
				CODE_SIGN_STYLE = Automatic;
				DEVELOPMENT_TEAM = 7VPS9B39QD;
				INFOPLIST_FILE = ARFaceTrackingDemo/Info.plist;
				LD_RUNPATH_SEARCH_PATHS = (
					"$(inherited)",
					"@executable_path/Frameworks",
				);
				PRODUCT_BUNDLE_IDENTIFIER = Ayaos.ARFaceTrackingDemo;
				PRODUCT_NAME = "$(TARGET_NAME)";
				SWIFT_VERSION = 5.0;
				TARGETED_DEVICE_FAMILY = "1,2";
			};
			name = Release;
		};
/* End XCBuildConfiguration section */

/* Begin XCConfigurationList section */
		85D17119242161FB004E8ECC /* Build configuration list for PBXProject "ARFaceTrackingDemo" */ = {
			isa = XCConfigurationList;
			buildConfigurations = (
				85D17130242161FE004E8ECC /* Debug */,
				85D17131242161FE004E8ECC /* Release */,
			);
			defaultConfigurationIsVisible = 0;
			defaultConfigurationName = Release;
		};
		85D17132242161FE004E8ECC /* Build configuration list for PBXNativeTarget "ARFaceTrackingDemo" */ = {
			isa = XCConfigurationList;
			buildConfigurations = (
				85D17133242161FE004E8ECC /* Debug */,
				85D17134242161FE004E8ECC /* Release */,
			);
			defaultConfigurationIsVisible = 0;
			defaultConfigurationName = Release;
		};
/* End XCConfigurationList section */
	};
	rootObject = 85D17116242161FB004E8ECC /* Project object */;
}
